
Microsoft Visual Studio Solution File, Format Version 12.00
# Visual Studio 2012
Project("{FAE04EC0-301F-11D3-BF4B-00C04F79EFBC}") = "VisitorPattern", "VisitorPattern\VisitorPattern.csproj", "{21FDD253-8B1A-40E4-B5FF-5054F847DD98}"
EndProject
Project("{FAE04EC0-301F-11D3-BF4B-00C04F79EFBC}") = "ElseIf", "ElseIf\ElseIf.csproj", "{33D2D71B-5A39-49E7-BF61-2831D43D078A}"
EndProject
Global
	GlobalSection(SolutionConfigurationPlatforms) = preSolution
		Debug|Any CPU = Debug|Any CPU
		Release|Any CPU = Release|Any CPU
	EndGlobalSection
	GlobalSection(ProjectConfigurationPlatforms) = postSolution
		{21FDD253-8B1A-40E4-B5FF-5054F847DD98}.Debug|Any CPU.ActiveCfg = Debug|Any CPU
		{21FDD253-8B1A-40E4-B5FF-5054F847DD98}.Debug|Any CPU.Build.0 = Debug|Any CPU
		{21FDD253-8B1A-40E4-B5FF-5054F847DD98}.Release|Any CPU.ActiveCfg = Release|Any CPU
		{21FDD253-8B1A-40E4-B5FF-5054F847DD98}.Release|Any CPU.Build.0 = Release|Any CPU
		{33D2D71B-5A39-49E7-BF61-2831D43D078A}.Debug|Any CPU.ActiveCfg = Debug|Any CPU
		{33D2D71B-5A39-49E7-BF61-2831D43D078A}.Debug|Any CPU.Build.0 = Debug|Any CPU
		{33D2D71B-5A39-49E7-BF61-2831D43D078A}.Release|Any CPU.ActiveCfg = Release|Any CPU
		{33D2D71B-5A39-49E7-BF61-2831D43D078A}.Release|Any CPU.Build.0 = Release|Any CPU
	EndGlobalSection
	GlobalSection(SolutionProperties) = preSolution
		HideSolutionNode = FALSE
	EndGlobalSection
EndGlobal
