
Microsoft Visual Studio Solution File, Format Version 12.00
# Visual Studio 2012
Project("{FAE04EC0-301F-11D3-BF4B-00C04F79EFBC}") = "VisitorPattern", "VisitorPattern\VisitorPattern.csproj", "{21FDD253-8B1A-40E4-B5FF-5054F847DD98}"
EndProject
Project("{F088123C-0E9E-452A-89E6-6BA2F21D5CAC}") = "ModelingProject1", "ModelingProject1\ModelingProject1.modelproj", "{3D97E4D7-94E5-4F59-9377-84100788CFAF}"
EndProject
Global
	GlobalSection(SolutionConfigurationPlatforms) = preSolution
		Debug|Any CPU = Debug|Any CPU
		Release|Any CPU = Release|Any CPU
	EndGlobalSection
	GlobalSection(ProjectConfigurationPlatforms) = postSolution
		{21FDD253-8B1A-40E4-B5FF-5054F847DD98}.Debug|Any CPU.ActiveCfg = Debug|Any CPU
		{21FDD253-8B1A-40E4-B5FF-5054F847DD98}.Debug|Any CPU.Build.0 = Debug|Any CPU
		{21FDD253-8B1A-40E4-B5FF-5054F847DD98}.Release|Any CPU.ActiveCfg = Release|Any CPU
		{21FDD253-8B1A-40E4-B5FF-5054F847DD98}.Release|Any CPU.Build.0 = Release|Any CPU
		{3D97E4D7-94E5-4F59-9377-84100788CFAF}.Debug|Any CPU.ActiveCfg = Debug|Any CPU
		{3D97E4D7-94E5-4F59-9377-84100788CFAF}.Debug|Any CPU.Build.0 = Debug|Any CPU
		{3D97E4D7-94E5-4F59-9377-84100788CFAF}.Release|Any CPU.ActiveCfg = Release|Any CPU
		{3D97E4D7-94E5-4F59-9377-84100788CFAF}.Release|Any CPU.Build.0 = Release|Any CPU
	EndGlobalSection
	GlobalSection(SolutionProperties) = preSolution
		HideSolutionNode = FALSE
	EndGlobalSection
EndGlobal
